
Microsoft Visual Studio Solution File, Format Version 12.00
# Visual Studio Version 17
VisualStudioVersion = 17.13.35931.197
MinimumVisualStudioVersion = 10.0.40219.1
Project("{FAE04EC0-301F-11D3-BF4B-00C04F79EFBC}") = "Wpf_App", "WpfApp1\Wpf_App.csproj", "{B2852539-0150-49B2-860A-71FAA1492172}"
	ProjectSection(ProjectDependencies) = postProject
		{1FBEB102-BBDB-4040-88EC-5FF012F2C2AD} = {1FBEB102-BBDB-4040-88EC-5FF012F2C2AD}
	EndProjectSection
EndProject
Project("{FAE04EC0-301F-11D3-BF4B-00C04F79EFBC}") = "Utility", "Utility\Utility.csproj", "{1FBEB102-BBDB-4040-88EC-5FF012F2C2AD}"
EndProject
Global
	GlobalSection(SolutionConfigurationPlatforms) = preSolution
		Debug|Any CPU = Debug|Any CPU
		Release|Any CPU = Release|Any CPU
	EndGlobalSection
	GlobalSection(ProjectConfigurationPlatforms) = postSolution
		{B2852539-0150-49B2-860A-71FAA1492172}.Debug|Any CPU.ActiveCfg = Debug|Any CPU
		{B2852539-0150-49B2-860A-71FAA1492172}.Debug|Any CPU.Build.0 = Debug|Any CPU
		{B2852539-0150-49B2-860A-71FAA1492172}.Release|Any CPU.ActiveCfg = Release|Any CPU
		{B2852539-0150-49B2-860A-71FAA1492172}.Release|Any CPU.Build.0 = Release|Any CPU
		{1FBEB102-BBDB-4040-88EC-5FF012F2C2AD}.Debug|Any CPU.ActiveCfg = Debug|Any CPU
		{1FBEB102-BBDB-4040-88EC-5FF012F2C2AD}.Debug|Any CPU.Build.0 = Debug|Any CPU
		{1FBEB102-BBDB-4040-88EC-5FF012F2C2AD}.Release|Any CPU.ActiveCfg = Release|Any CPU
		{1FBEB102-BBDB-4040-88EC-5FF012F2C2AD}.Release|Any CPU.Build.0 = Release|Any CPU
	EndGlobalSection
	GlobalSection(SolutionProperties) = preSolution
		HideSolutionNode = FALSE
	EndGlobalSection
	GlobalSection(ExtensibilityGlobals) = postSolution
		SolutionGuid = {364AF56D-D5AA-46B2-A5B8-F207CBC08D52}
	EndGlobalSection
EndGlobal
